
Microsoft Visual Studio Solution File, Format Version 12.00
# Visual Studio Version 16
VisualStudioVersion = 16.0.30204.135
MinimumVisualStudioVersion = 10.0.40219.1
Project("{FAE04EC0-301F-11D3-BF4B-00C04F79EFBC}") = "Programlama büt", "Programlama büt\Programlama büt.csproj", "{35446700-04DF-495C-BB6B-E1C44F9DABDB}"
EndProject
Global
	GlobalSection(SolutionConfigurationPlatforms) = preSolution
		Debug|Any CPU = Debug|Any CPU
		Release|Any CPU = Release|Any CPU
	EndGlobalSection
	GlobalSection(ProjectConfigurationPlatforms) = postSolution
		{35446700-04DF-495C-BB6B-E1C44F9DABDB}.Debug|Any CPU.ActiveCfg = Debug|Any CPU
		{35446700-04DF-495C-BB6B-E1C44F9DABDB}.Debug|Any CPU.Build.0 = Debug|Any CPU
		{35446700-04DF-495C-BB6B-E1C44F9DABDB}.Release|Any CPU.ActiveCfg = Release|Any CPU
		{35446700-04DF-495C-BB6B-E1C44F9DABDB}.Release|Any CPU.Build.0 = Release|Any CPU
	EndGlobalSection
	GlobalSection(SolutionProperties) = preSolution
		HideSolutionNode = FALSE
	EndGlobalSection
	GlobalSection(ExtensibilityGlobals) = postSolution
		SolutionGuid = {F7F619E1-A030-4AA3-BE2C-C5A2D8C1D77F}
	EndGlobalSection
EndGlobal
